
Microsoft Visual Studio Solution File, Format Version 12.00
# Visual Studio Version 17
VisualStudioVersion = 17.11.35312.102
MinimumVisualStudioVersion = 10.0.40219.1
Project("{FAE04EC0-301F-11D3-BF4B-00C04F79EFBC}") = "SmartHomeChat", "SmartHomeChat\SmartHomeChat.csproj", "{F63E7A2A-5D80-4BDC-986F-27FEF431F294}"
EndProject
Global
	GlobalSection(SolutionConfigurationPlatforms) = preSolution
		Debug|Any CPU = Debug|Any CPU
		Release|Any CPU = Release|Any CPU
	EndGlobalSection
	GlobalSection(ProjectConfigurationPlatforms) = postSolution
		{F63E7A2A-5D80-4BDC-986F-27FEF431F294}.Debug|Any CPU.ActiveCfg = Debug|Any CPU
		{F63E7A2A-5D80-4BDC-986F-27FEF431F294}.Debug|Any CPU.Build.0 = Debug|Any CPU
		{F63E7A2A-5D80-4BDC-986F-27FEF431F294}.Release|Any CPU.ActiveCfg = Release|Any CPU
		{F63E7A2A-5D80-4BDC-986F-27FEF431F294}.Release|Any CPU.Build.0 = Release|Any CPU
	EndGlobalSection
	GlobalSection(SolutionProperties) = preSolution
		HideSolutionNode = FALSE
	EndGlobalSection
	GlobalSection(ExtensibilityGlobals) = postSolution
		SolutionGuid = {CE1AF197-033D-428B-AD25-5D8358BF948B}
	EndGlobalSection
EndGlobal
